
Microsoft Visual Studio Solution File, Format Version 12.00
# Visual Studio 15
VisualStudioVersion = 15.0.28010.2036
MinimumVisualStudioVersion = 10.0.40219.1
Project("{2150E333-8FDC-42A3-9474-1A3956D46DE8}") = "0-Presentation", "0-Presentation", "{ECFEC71E-529A-46C2-92DE-9C65281A3131}"
EndProject
Project("{2150E333-8FDC-42A3-9474-1A3956D46DE8}") = "2-Application", "2-Application", "{481A885F-88FB-45CC-A8D0-DE03B09160D1}"
EndProject
Project("{2150E333-8FDC-42A3-9474-1A3956D46DE8}") = "3-Domain", "3-Domain", "{B2CE7821-BBE4-4755-8DEE-FE03982178AF}"
EndProject
Project("{2150E333-8FDC-42A3-9474-1A3956D46DE8}") = "4-Infrastructure", "4-Infrastructure", "{D8C74D2A-7406-4422-918D-881EDDEA2A5C}"
EndProject
Project("{2150E333-8FDC-42A3-9474-1A3956D46DE8}") = "4.1-Data", "4.1-Data", "{069637C9-E943-456A-9D16-8D7A753C0D01}"
EndProject
Project("{2150E333-8FDC-42A3-9474-1A3956D46DE8}") = "4.2-CrossCutting", "4.2-CrossCutting", "{459D73BE-6003-4988-9A38-0966DFA8097A}"
EndProject
Project("{FAE04EC0-301F-11D3-BF4B-00C04F79EFBC}") = "EDTESP.Web", "EDTESP.Web\EDTESP.Web.csproj", "{D79608B4-EF4C-4E25-899F-26EF695F97D4}"
EndProject
Project("{FAE04EC0-301F-11D3-BF4B-00C04F79EFBC}") = "EDTESP.Application", "EDTESP.Application\EDTESP.Application.csproj", "{5CD0DB5B-F6A9-41DB-90B3-4A52C9D4F1BA}"
EndProject
Project("{FAE04EC0-301F-11D3-BF4B-00C04F79EFBC}") = "EDTESP.Domain", "EDTESP.Domain\EDTESP.Domain.csproj", "{8707BE77-DDD2-4B82-8F81-E276EB38E5D3}"
EndProject
Project("{FAE04EC0-301F-11D3-BF4B-00C04F79EFBC}") = "EDTESP.Infrastructure.Data", "EDTESP.Infrastructure.Data\EDTESP.Infrastructure.Data.csproj", "{5581C149-8640-4CB5-BEE8-4B91D215129F}"
EndProject
Project("{FAE04EC0-301F-11D3-BF4B-00C04F79EFBC}") = "EDTESP.Infrastructure.CC.Util", "EDTESP.Infrastructure.CC.Util\EDTESP.Infrastructure.CC.Util.csproj", "{C6400F3F-E08D-4E61-9204-EB2460A1950D}"
EndProject
Project("{FAE04EC0-301F-11D3-BF4B-00C04F79EFBC}") = "EDTESP.Infrastructure.CC.GDrive", "EDTESP.Infrastructure.CC.GDrive\EDTESP.Infrastructure.CC.GDrive.csproj", "{A8147941-A7A5-40EA-84EE-7BBEE499F455}"
EndProject
Project("{FAE04EC0-301F-11D3-BF4B-00C04F79EFBC}") = "EDTESP.Infrastructure.CC.GNet", "EDTESP.Infrastructure.CC.GNet\EDTESP.Infrastructure.CC.GNet.csproj", "{A9D84C01-41B9-4D39-A39A-4CCAF9E4F22E}"
EndProject
Project("{FAE04EC0-301F-11D3-BF4B-00C04F79EFBC}") = "EDTESP.Infrastructure.CC.ReportViewer", "EDTESP.Infrastructure.CC.ReportViewer\EDTESP.Infrastructure.CC.ReportViewer.csproj", "{FD3BB5B2-FAD0-4C74-AAEB-43C6490545A0}"
EndProject
Project("{FAE04EC0-301F-11D3-BF4B-00C04F79EFBC}") = "EDTESP.Infrastructure.CC.BNet", "EDTESP.Infrastructure.CC.BNet\EDTESP.Infrastructure.CC.BNet.csproj", "{EAF04FCF-923C-4D4B-90FE-1F36E43CD39B}"
EndProject
Project("{FAE04EC0-301F-11D3-BF4B-00C04F79EFBC}") = "Gerencianet.SDK", "Gerencianet.SDK\Gerencianet.SDK.csproj", "{E4D26948-353C-4A54-BC5B-B70413EE4206}"
EndProject
Project("{FAE04EC0-301F-11D3-BF4B-00C04F79EFBC}") = "Boleto2.Net", "Boleto2.Net\Boleto2.Net.csproj", "{F173E80B-E36B-48AD-B483-A27F8CA86F3C}"
EndProject
Project("{FAE04EC0-301F-11D3-BF4B-00C04F79EFBC}") = "EDTESP.GeradorArquivos", "EDTESP.GeradorArquivos\EDTESP.GeradorArquivos.csproj", "{6C675B27-B2F7-4AA2-98CD-E8D56448E072}"
EndProject
Project("{2150E333-8FDC-42A3-9474-1A3956D46DE8}") = "4.3-Zip", "4.3-Zip", "{31FBB349-F555-4F78-9C41-43A3892BAEBC}"
EndProject
Project("{FAE04EC0-301F-11D3-BF4B-00C04F79EFBC}") = "EDTESP.Zip", "EDTESP.Zip\EDTESP.Zip.csproj", "{168B8180-6B45-4062-84ED-3AC6D50705ED}"
EndProject
Project("{2150E333-8FDC-42A3-9474-1A3956D46DE8}") = "4.4-Excel", "4.4-Excel", "{209BA83D-3271-4A87-A5C2-105A20350A0E}"
EndProject
Project("{FAE04EC0-301F-11D3-BF4B-00C04F79EFBC}") = "EDTESP.Excel", "EDTESP.Excel\EDTESP.Excel.csproj", "{9E8D68DB-08AE-4E77-981B-8BCC9D2B5767}"
EndProject
Project("{2150E333-8FDC-42A3-9474-1A3956D46DE8}") = "4.5-Ftp", "4.5-Ftp", "{525F5F8E-9FC6-4877-A39B-04B34B864793}"
EndProject
Project("{FAE04EC0-301F-11D3-BF4B-00C04F79EFBC}") = "Edtesp.Ftp", "Edtesp.Ftp\Edtesp.Ftp.csproj", "{CA29D23C-3008-44F3-B655-5E94035BFB3F}"
EndProject
Global
	GlobalSection(SolutionConfigurationPlatforms) = preSolution
		Debug|Any CPU = Debug|Any CPU
		Release|Any CPU = Release|Any CPU
	EndGlobalSection
	GlobalSection(ProjectConfigurationPlatforms) = postSolution
		{D79608B4-EF4C-4E25-899F-26EF695F97D4}.Debug|Any CPU.ActiveCfg = Debug|Any CPU
		{D79608B4-EF4C-4E25-899F-26EF695F97D4}.Debug|Any CPU.Build.0 = Debug|Any CPU
		{D79608B4-EF4C-4E25-899F-26EF695F97D4}.Release|Any CPU.ActiveCfg = Release|Any CPU
		{D79608B4-EF4C-4E25-899F-26EF695F97D4}.Release|Any CPU.Build.0 = Release|Any CPU
		{5CD0DB5B-F6A9-41DB-90B3-4A52C9D4F1BA}.Debug|Any CPU.ActiveCfg = Debug|Any CPU
		{5CD0DB5B-F6A9-41DB-90B3-4A52C9D4F1BA}.Debug|Any CPU.Build.0 = Debug|Any CPU
		{5CD0DB5B-F6A9-41DB-90B3-4A52C9D4F1BA}.Release|Any CPU.ActiveCfg = Release|Any CPU
		{5CD0DB5B-F6A9-41DB-90B3-4A52C9D4F1BA}.Release|Any CPU.Build.0 = Release|Any CPU
		{8707BE77-DDD2-4B82-8F81-E276EB38E5D3}.Debug|Any CPU.ActiveCfg = Debug|Any CPU
		{8707BE77-DDD2-4B82-8F81-E276EB38E5D3}.Debug|Any CPU.Build.0 = Debug|Any CPU
		{8707BE77-DDD2-4B82-8F81-E276EB38E5D3}.Release|Any CPU.ActiveCfg = Release|Any CPU
		{8707BE77-DDD2-4B82-8F81-E276EB38E5D3}.Release|Any CPU.Build.0 = Release|Any CPU
		{5581C149-8640-4CB5-BEE8-4B91D215129F}.Debug|Any CPU.ActiveCfg = Debug|Any CPU
		{5581C149-8640-4CB5-BEE8-4B91D215129F}.Debug|Any CPU.Build.0 = Debug|Any CPU
		{5581C149-8640-4CB5-BEE8-4B91D215129F}.Release|Any CPU.ActiveCfg = Release|Any CPU
		{5581C149-8640-4CB5-BEE8-4B91D215129F}.Release|Any CPU.Build.0 = Release|Any CPU
		{C6400F3F-E08D-4E61-9204-EB2460A1950D}.Debug|Any CPU.ActiveCfg = Debug|Any CPU
		{C6400F3F-E08D-4E61-9204-EB2460A1950D}.Debug|Any CPU.Build.0 = Debug|Any CPU
		{C6400F3F-E08D-4E61-9204-EB2460A1950D}.Release|Any CPU.ActiveCfg = Release|Any CPU
		{C6400F3F-E08D-4E61-9204-EB2460A1950D}.Release|Any CPU.Build.0 = Release|Any CPU
		{A8147941-A7A5-40EA-84EE-7BBEE499F455}.Debug|Any CPU.ActiveCfg = Debug|Any CPU
		{A8147941-A7A5-40EA-84EE-7BBEE499F455}.Debug|Any CPU.Build.0 = Debug|Any CPU
		{A8147941-A7A5-40EA-84EE-7BBEE499F455}.Release|Any CPU.ActiveCfg = Release|Any CPU
		{A8147941-A7A5-40EA-84EE-7BBEE499F455}.Release|Any CPU.Build.0 = Release|Any CPU
		{A9D84C01-41B9-4D39-A39A-4CCAF9E4F22E}.Debug|Any CPU.ActiveCfg = Debug|Any CPU
		{A9D84C01-41B9-4D39-A39A-4CCAF9E4F22E}.Debug|Any CPU.Build.0 = Debug|Any CPU
		{A9D84C01-41B9-4D39-A39A-4CCAF9E4F22E}.Release|Any CPU.ActiveCfg = Release|Any CPU
		{A9D84C01-41B9-4D39-A39A-4CCAF9E4F22E}.Release|Any CPU.Build.0 = Release|Any CPU
		{FD3BB5B2-FAD0-4C74-AAEB-43C6490545A0}.Debug|Any CPU.ActiveCfg = Debug|Any CPU
		{FD3BB5B2-FAD0-4C74-AAEB-43C6490545A0}.Debug|Any CPU.Build.0 = Debug|Any CPU
		{FD3BB5B2-FAD0-4C74-AAEB-43C6490545A0}.Release|Any CPU.ActiveCfg = Release|Any CPU
		{FD3BB5B2-FAD0-4C74-AAEB-43C6490545A0}.Release|Any CPU.Build.0 = Release|Any CPU
		{EAF04FCF-923C-4D4B-90FE-1F36E43CD39B}.Debug|Any CPU.ActiveCfg = Debug|Any CPU
		{EAF04FCF-923C-4D4B-90FE-1F36E43CD39B}.Debug|Any CPU.Build.0 = Debug|Any CPU
		{EAF04FCF-923C-4D4B-90FE-1F36E43CD39B}.Release|Any CPU.ActiveCfg = Release|Any CPU
		{EAF04FCF-923C-4D4B-90FE-1F36E43CD39B}.Release|Any CPU.Build.0 = Release|Any CPU
		{E4D26948-353C-4A54-BC5B-B70413EE4206}.Debug|Any CPU.ActiveCfg = Debug|Any CPU
		{E4D26948-353C-4A54-BC5B-B70413EE4206}.Debug|Any CPU.Build.0 = Debug|Any CPU
		{E4D26948-353C-4A54-BC5B-B70413EE4206}.Release|Any CPU.ActiveCfg = Release|Any CPU
		{E4D26948-353C-4A54-BC5B-B70413EE4206}.Release|Any CPU.Build.0 = Release|Any CPU
		{F173E80B-E36B-48AD-B483-A27F8CA86F3C}.Debug|Any CPU.ActiveCfg = Debug|Any CPU
		{F173E80B-E36B-48AD-B483-A27F8CA86F3C}.Debug|Any CPU.Build.0 = Debug|Any CPU
		{F173E80B-E36B-48AD-B483-A27F8CA86F3C}.Release|Any CPU.ActiveCfg = Release|Any CPU
		{F173E80B-E36B-48AD-B483-A27F8CA86F3C}.Release|Any CPU.Build.0 = Release|Any CPU
		{6C675B27-B2F7-4AA2-98CD-E8D56448E072}.Debug|Any CPU.ActiveCfg = Debug|Any CPU
		{6C675B27-B2F7-4AA2-98CD-E8D56448E072}.Debug|Any CPU.Build.0 = Debug|Any CPU
		{6C675B27-B2F7-4AA2-98CD-E8D56448E072}.Release|Any CPU.ActiveCfg = Release|Any CPU
		{6C675B27-B2F7-4AA2-98CD-E8D56448E072}.Release|Any CPU.Build.0 = Release|Any CPU
		{168B8180-6B45-4062-84ED-3AC6D50705ED}.Debug|Any CPU.ActiveCfg = Debug|Any CPU
		{168B8180-6B45-4062-84ED-3AC6D50705ED}.Debug|Any CPU.Build.0 = Debug|Any CPU
		{168B8180-6B45-4062-84ED-3AC6D50705ED}.Release|Any CPU.ActiveCfg = Release|Any CPU
		{168B8180-6B45-4062-84ED-3AC6D50705ED}.Release|Any CPU.Build.0 = Release|Any CPU
		{9E8D68DB-08AE-4E77-981B-8BCC9D2B5767}.Debug|Any CPU.ActiveCfg = Debug|Any CPU
		{9E8D68DB-08AE-4E77-981B-8BCC9D2B5767}.Debug|Any CPU.Build.0 = Debug|Any CPU
		{9E8D68DB-08AE-4E77-981B-8BCC9D2B5767}.Release|Any CPU.ActiveCfg = Release|Any CPU
		{9E8D68DB-08AE-4E77-981B-8BCC9D2B5767}.Release|Any CPU.Build.0 = Release|Any CPU
		{CA29D23C-3008-44F3-B655-5E94035BFB3F}.Debug|Any CPU.ActiveCfg = Debug|Any CPU
		{CA29D23C-3008-44F3-B655-5E94035BFB3F}.Debug|Any CPU.Build.0 = Debug|Any CPU
		{CA29D23C-3008-44F3-B655-5E94035BFB3F}.Release|Any CPU.ActiveCfg = Release|Any CPU
		{CA29D23C-3008-44F3-B655-5E94035BFB3F}.Release|Any CPU.Build.0 = Release|Any CPU
	EndGlobalSection
	GlobalSection(SolutionProperties) = preSolution
		HideSolutionNode = FALSE
	EndGlobalSection
	GlobalSection(NestedProjects) = preSolution
		{069637C9-E943-456A-9D16-8D7A753C0D01} = {D8C74D2A-7406-4422-918D-881EDDEA2A5C}
		{459D73BE-6003-4988-9A38-0966DFA8097A} = {D8C74D2A-7406-4422-918D-881EDDEA2A5C}
		{D79608B4-EF4C-4E25-899F-26EF695F97D4} = {ECFEC71E-529A-46C2-92DE-9C65281A3131}
		{5CD0DB5B-F6A9-41DB-90B3-4A52C9D4F1BA} = {481A885F-88FB-45CC-A8D0-DE03B09160D1}
		{8707BE77-DDD2-4B82-8F81-E276EB38E5D3} = {B2CE7821-BBE4-4755-8DEE-FE03982178AF}
		{5581C149-8640-4CB5-BEE8-4B91D215129F} = {069637C9-E943-456A-9D16-8D7A753C0D01}
		{C6400F3F-E08D-4E61-9204-EB2460A1950D} = {459D73BE-6003-4988-9A38-0966DFA8097A}
		{A8147941-A7A5-40EA-84EE-7BBEE499F455} = {459D73BE-6003-4988-9A38-0966DFA8097A}
		{A9D84C01-41B9-4D39-A39A-4CCAF9E4F22E} = {459D73BE-6003-4988-9A38-0966DFA8097A}
		{FD3BB5B2-FAD0-4C74-AAEB-43C6490545A0} = {459D73BE-6003-4988-9A38-0966DFA8097A}
		{EAF04FCF-923C-4D4B-90FE-1F36E43CD39B} = {459D73BE-6003-4988-9A38-0966DFA8097A}
		{E4D26948-353C-4A54-BC5B-B70413EE4206} = {459D73BE-6003-4988-9A38-0966DFA8097A}
		{F173E80B-E36B-48AD-B483-A27F8CA86F3C} = {459D73BE-6003-4988-9A38-0966DFA8097A}
		{6C675B27-B2F7-4AA2-98CD-E8D56448E072} = {ECFEC71E-529A-46C2-92DE-9C65281A3131}
		{31FBB349-F555-4F78-9C41-43A3892BAEBC} = {D8C74D2A-7406-4422-918D-881EDDEA2A5C}
		{168B8180-6B45-4062-84ED-3AC6D50705ED} = {31FBB349-F555-4F78-9C41-43A3892BAEBC}
		{209BA83D-3271-4A87-A5C2-105A20350A0E} = {D8C74D2A-7406-4422-918D-881EDDEA2A5C}
		{9E8D68DB-08AE-4E77-981B-8BCC9D2B5767} = {209BA83D-3271-4A87-A5C2-105A20350A0E}
		{525F5F8E-9FC6-4877-A39B-04B34B864793} = {D8C74D2A-7406-4422-918D-881EDDEA2A5C}
		{CA29D23C-3008-44F3-B655-5E94035BFB3F} = {525F5F8E-9FC6-4877-A39B-04B34B864793}
	EndGlobalSection
	GlobalSection(ExtensibilityGlobals) = postSolution
		SolutionGuid = {5D2904AD-4E1C-4E82-9728-DC76E032DDAE}
	EndGlobalSection
EndGlobal
